# THIS IS AN AUTOGENERATED FILE. DO NOT EDIT THIS FILE DIRECTLY.
# yarn lockfile v1


"@babel/helper-module-imports@^7.0.0":
  version "7.7.0"
  resolved "https://registry.npm.taobao.org/@babel/helper-module-imports/download/@babel/helper-module-imports-7.7.0.tgz#99c095889466e5f7b6d66d98dffc58baaf42654d"
  integrity sha1-mcCViJRm5fe21m2Y3/xYuq9CZU0=
  dependencies:
    "@babel/types" "^7.7.0"

"@babel/runtime@^7.0.0":
  version "7.7.2"
  resolved "https://registry.npm.taobao.org/@babel/runtime/download/@babel/runtime-7.7.2.tgz?cache=0&sync_timestamp=1573083187206&other_urls=https%3A%2F%2Fregistry.npm.taobao.org%2F%40babel%2Fruntime%2Fdownload%2F%40babel%2Fruntime-7.7.2.tgz#111a78002a5c25fc8e3361bedc9529c696b85a6a"
  integrity sha1-ERp4ACpcJfyOM2G+3JUpxpa4Wmo=
  dependencies:
    regenerator-runtime "^0.13.2"

"@babel/types@^7.7.0":
  version "7.7.2"
  resolved "https://registry.npm.taobao.org/@babel/types/download/@babel/types-7.7.2.tgz?cache=0&other_urls=https%3A%2F%2Fregistry.npm.taobao.org%2F%40babel%2Ftypes%2Fdownload%2F%40babel%2Ftypes-7.7.2.tgz#550b82e5571dcd174af576e23f0adba7ffc683f7"
  integrity sha1-VQuC5VcdzRdK9XbiPwrbp//Gg/c=
  dependencies:
    esutils "^2.0.2"
    lodash "^4.17.13"
    to-fast-properties "^2.0.0"

babel-plugin-import@^1.12.2:
  version "1.12.2"
  resolved "https://registry.npm.taobao.org/babel-plugin-import/download/babel-plugin-import-1.12.2.tgz?cache=0&sync_timestamp=1569211766587&other_urls=https%3A%2F%2Fregistry.npm.taobao.org%2Fbabel-plugin-import%2Fdownload%2Fbabel-plugin-import-1.12.2.tgz#bb8e11dabae68fbff4484c8e2bc2db1e086286a8"
  integrity sha1-u44R2rrmj7/0SEyOK8LbHghihqg=
  dependencies:
    "@babel/helper-module-imports" "^7.0.0"
    "@babel/runtime" "^7.0.0"

esutils@^2.0.2:
  version "2.0.3"
  resolved "https://registry.npm.taobao.org/esutils/download/esutils-2.0.3.tgz#74d2eb4de0b8da1293711910d50775b9b710ef64"
  integrity sha1-dNLrTeC42hKTcRkQ1Qd1ubcQ72Q=

lodash@^4.17.13:
  version "4.17.15"
  resolved "https://registry.npm.taobao.org/lodash/download/lodash-4.17.15.tgz#b447f6670a0455bbfeedd11392eff330ea097548"
  integrity sha1-tEf2ZwoEVbv+7dETku/zMOoJdUg=

regenerator-runtime@^0.13.2:
  version "0.13.3"
  resolved "https://registry.npm.taobao.org/regenerator-runtime/download/regenerator-runtime-0.13.3.tgz#7cf6a77d8f5c6f60eb73c5fc1955b2ceb01e6bf5"
  integrity sha1-fPanfY9cb2Drc8X8GVWyzrAea/U=

to-fast-properties@^2.0.0:
  version "2.0.0"
  resolved "https://registry.npm.taobao.org/to-fast-properties/download/to-fast-properties-2.0.0.tgz#dc5e698cbd079265bc73e0377681a4e4e83f616e"
  integrity sha1-3F5pjL0HkmW8c+A3doGk5Og/YW4=
